
Microsoft Visual Studio Solution File, Format Version 12.00
# Visual Studio Version 17
VisualStudioVersion = 17.9.34701.34
MinimumVisualStudioVersion = 10.0.40219.1
Project("{FAE04EC0-301F-11D3-BF4B-00C04F79EFBC}") = "Amazon", "Amazon\Amazon.csproj", "{750A5667-76B2-45A6-8FAB-BC4E6821B76D}"
EndProject
Global
	GlobalSection(SolutionConfigurationPlatforms) = preSolution
		Debug|Any CPU = Debug|Any CPU
		Release|Any CPU = Release|Any CPU
	EndGlobalSection
	GlobalSection(ProjectConfigurationPlatforms) = postSolution
		{750A5667-76B2-45A6-8FAB-BC4E6821B76D}.Debug|Any CPU.ActiveCfg = Debug|Any CPU
		{750A5667-76B2-45A6-8FAB-BC4E6821B76D}.Debug|Any CPU.Build.0 = Debug|Any CPU
		{750A5667-76B2-45A6-8FAB-BC4E6821B76D}.Release|Any CPU.ActiveCfg = Release|Any CPU
		{750A5667-76B2-45A6-8FAB-BC4E6821B76D}.Release|Any CPU.Build.0 = Release|Any CPU
	EndGlobalSection
	GlobalSection(SolutionProperties) = preSolution
		HideSolutionNode = FALSE
	EndGlobalSection
	GlobalSection(ExtensibilityGlobals) = postSolution
		SolutionGuid = {9A4A7FA6-52CE-403E-AD15-700050AAEF38}
	EndGlobalSection
EndGlobal
